
Microsoft Visual Studio Solution File, Format Version 12.00
# Visual Studio Version 17
VisualStudioVersion = 17.3.32825.248
MinimumVisualStudioVersion = 10.0.40219.1
Project("{FAE04EC0-301F-11D3-BF4B-00C04F79EFBC}") = "ClockPatienceApp", "ClockPatienceApp.csproj", "{F368714D-454C-496A-BB97-163BFE0CEA8A}"
EndProject
Global
	GlobalSection(SolutionConfigurationPlatforms) = preSolution
		Debug|Any CPU = Debug|Any CPU
		Release|Any CPU = Release|Any CPU
	EndGlobalSection
	GlobalSection(ProjectConfigurationPlatforms) = postSolution
		{F368714D-454C-496A-BB97-163BFE0CEA8A}.Debug|Any CPU.ActiveCfg = Debug|Any CPU
		{F368714D-454C-496A-BB97-163BFE0CEA8A}.Debug|Any CPU.Build.0 = Debug|Any CPU
		{F368714D-454C-496A-BB97-163BFE0CEA8A}.Release|Any CPU.ActiveCfg = Release|Any CPU
		{F368714D-454C-496A-BB97-163BFE0CEA8A}.Release|Any CPU.Build.0 = Release|Any CPU
	EndGlobalSection
	GlobalSection(SolutionProperties) = preSolution
		HideSolutionNode = FALSE
	EndGlobalSection
	GlobalSection(ExtensibilityGlobals) = postSolution
		SolutionGuid = {BFE4BF0E-9EEC-47E7-93A6-812B2723005D}
	EndGlobalSection
EndGlobal
